// !$*UTF8*$!
{
	archiveVersion = 1;
	classes = {
	};
	objectVersion = 56;
	objects = {

/* Begin PBXBuildFile section */
		C145B27029304D6500966FF4 /* AppDelegate.swift in Sources */ = {isa = PBXBuildFile; fileRef = C145B26F29304D6500966FF4 /* AppDelegate.swift */; };
		C145B27229304D6500966FF4 /* SceneDelegate.swift in Sources */ = {isa = PBXBuildFile; fileRef = C145B27129304D6500966FF4 /* SceneDelegate.swift */; };
		C145B27429304D6500966FF4 /* ViewController.swift in Sources */ = {isa = PBXBuildFile; fileRef = C145B27329304D6500966FF4 /* ViewController.swift */; };
		C145B27729304D6500966FF4 /* Main.storyboard in Resources */ = {isa = PBXBuildFile; fileRef = C145B27529304D6500966FF4 /* Main.storyboard */; };
		C145B27929304D6600966FF4 /* Assets.xcassets in Resources */ = {isa = PBXBuildFile; fileRef = C145B27829304D6600966FF4 /* Assets.xcassets */; };
		C145B27C29304D6600966FF4 /* LaunchScreen.storyboard in Resources */ = {isa = PBXBuildFile; fileRef = C145B27A29304D6600966FF4 /* LaunchScreen.storyboard */; };
		C145B28529304DC600966FF4 /* zipNcgLorem.zip.ncg in Resources */ = {isa = PBXBuildFile; fileRef = C145B28429304DC600966FF4 /* zipNcgLorem.zip.ncg */; };
		C145B28E29304FBC00966FF4 /* libz.tbd in Frameworks */ = {isa = PBXBuildFile; fileRef = C145B28C29304FA100966FF4 /* libz.tbd */; };
		C145B29029304FF100966FF4 /* libc++.tbd in Frameworks */ = {isa = PBXBuildFile; fileRef = C145B28F29304FE800966FF4 /* libc++.tbd */; };
		C1895AAD2990D9FC00D88F1E /* iOSNcgSDK.xcframework in Frameworks */ = {isa = PBXBuildFile; fileRef = C1895AAC2990D9FB00D88F1E /* iOSNcgSDK.xcframework */; };
		C1895AAE2990D9FC00D88F1E /* iOSNcgSDK.xcframework in Embed Frameworks */ = {isa = PBXBuildFile; fileRef = C1895AAC2990D9FB00D88F1E /* iOSNcgSDK.xcframework */; settings = {ATTRIBUTES = (CodeSignOnCopy, RemoveHeadersOnCopy, ); }; };
/* End PBXBuildFile section */

/* Begin PBXCopyFilesBuildPhase section */
		C1895AAF2990D9FC00D88F1E /* Embed Frameworks */ = {
			isa = PBXCopyFilesBuildPhase;
			buildActionMask = 2147483647;
			dstPath = "";
			dstSubfolderSpec = 10;
			files = (
				C1895AAE2990D9FC00D88F1E /* iOSNcgSDK.xcframework in Embed Frameworks */,
			);
			name = "Embed Frameworks";
			runOnlyForDeploymentPostprocessing = 0;
		};
/* End PBXCopyFilesBuildPhase section */

/* Begin PBXFileReference section */
		C145B26C29304D6500966FF4 /* SDKSimple-Swift-Zip.app */ = {isa = PBXFileReference; explicitFileType = wrapper.application; includeInIndex = 0; path = "SDKSimple-Swift-Zip.app"; sourceTree = BUILT_PRODUCTS_DIR; };
		C145B26F29304D6500966FF4 /* AppDelegate.swift */ = {isa = PBXFileReference; lastKnownFileType = sourcecode.swift; path = AppDelegate.swift; sourceTree = "<group>"; };
		C145B27129304D6500966FF4 /* SceneDelegate.swift */ = {isa = PBXFileReference; lastKnownFileType = sourcecode.swift; path = SceneDelegate.swift; sourceTree = "<group>"; };
		C145B27329304D6500966FF4 /* ViewController.swift */ = {isa = PBXFileReference; lastKnownFileType = sourcecode.swift; path = ViewController.swift; sourceTree = "<group>"; };
		C145B27629304D6500966FF4 /* Base */ = {isa = PBXFileReference; lastKnownFileType = file.storyboard; name = Base; path = Base.lproj/Main.storyboard; sourceTree = "<group>"; };
		C145B27829304D6600966FF4 /* Assets.xcassets */ = {isa = PBXFileReference; lastKnownFileType = folder.assetcatalog; path = Assets.xcassets; sourceTree = "<group>"; };
		C145B27B29304D6600966FF4 /* Base */ = {isa = PBXFileReference; lastKnownFileType = file.storyboard; name = Base; path = Base.lproj/LaunchScreen.storyboard; sourceTree = "<group>"; };
		C145B27D29304D6600966FF4 /* Info.plist */ = {isa = PBXFileReference; lastKnownFileType = text.plist.xml; path = Info.plist; sourceTree = "<group>"; };
		C145B28429304DC600966FF4 /* zipNcgLorem.zip.ncg */ = {isa = PBXFileReference; lastKnownFileType = file; path = zipNcgLorem.zip.ncg; sourceTree = "<group>"; };
		C145B28C29304FA100966FF4 /* libz.tbd */ = {isa = PBXFileReference; lastKnownFileType = "sourcecode.text-based-dylib-definition"; name = libz.tbd; path = usr/lib/libz.tbd; sourceTree = SDKROOT; };
		C145B28F29304FE800966FF4 /* libc++.tbd */ = {isa = PBXFileReference; lastKnownFileType = "sourcecode.text-based-dylib-definition"; name = "libc++.tbd"; path = "usr/lib/libc++.tbd"; sourceTree = SDKROOT; };
		C1895AAC2990D9FB00D88F1E /* iOSNcgSDK.xcframework */ = {isa = PBXFileReference; lastKnownFileType = wrapper.xcframework; name = iOSNcgSDK.xcframework; path = ../../../lib/iOSNcgSDK.xcframework; sourceTree = "<group>"; };
/* End PBXFileReference section */

/* Begin PBXFrameworksBuildPhase section */
		C145B26929304D6500966FF4 /* Frameworks */ = {
			isa = PBXFrameworksBuildPhase;
			buildActionMask = 2147483647;
			files = (
				C145B29029304FF100966FF4 /* libc++.tbd in Frameworks */,
				C145B28E29304FBC00966FF4 /* libz.tbd in Frameworks */,
				C1895AAD2990D9FC00D88F1E /* iOSNcgSDK.xcframework in Frameworks */,
			);
			runOnlyForDeploymentPostprocessing = 0;
		};
/* End PBXFrameworksBuildPhase section */

/* Begin PBXGroup section */
		C145B26329304D6500966FF4 = {
			isa = PBXGroup;
			children = (
				C145B26E29304D6500966FF4 /* SDKSimple-Swift-Zip */,
				C145B26D29304D6500966FF4 /* Products */,
				C145B28729304F9700966FF4 /* Frameworks */,
			);
			sourceTree = "<group>";
		};
		C145B26D29304D6500966FF4 /* Products */ = {
			isa = PBXGroup;
			children = (
				C145B26C29304D6500966FF4 /* SDKSimple-Swift-Zip.app */,
			);
			name = Products;
			sourceTree = "<group>";
		};
		C145B26E29304D6500966FF4 /* SDKSimple-Swift-Zip */ = {
			isa = PBXGroup;
			children = (
				C145B28329304D9D00966FF4 /* Resource */,
				C145B26F29304D6500966FF4 /* AppDelegate.swift */,
				C145B27129304D6500966FF4 /* SceneDelegate.swift */,
				C145B27329304D6500966FF4 /* ViewController.swift */,
				C145B27529304D6500966FF4 /* Main.storyboard */,
				C145B27829304D6600966FF4 /* Assets.xcassets */,
				C145B27A29304D6600966FF4 /* LaunchScreen.storyboard */,
				C145B27D29304D6600966FF4 /* Info.plist */,
			);
			path = "SDKSimple-Swift-Zip";
			sourceTree = "<group>";
		};
		C145B28329304D9D00966FF4 /* Resource */ = {
			isa = PBXGroup;
			children = (
				C145B28429304DC600966FF4 /* zipNcgLorem.zip.ncg */,
			);
			path = Resource;
			sourceTree = "<group>";
		};
		C145B28729304F9700966FF4 /* Frameworks */ = {
			isa = PBXGroup;
			children = (
				C1895AAC2990D9FB00D88F1E /* iOSNcgSDK.xcframework */,
				C145B28F29304FE800966FF4 /* libc++.tbd */,
				C145B28C29304FA100966FF4 /* libz.tbd */,
			);
			name = Frameworks;
			sourceTree = "<group>";
		};
/* End PBXGroup section */

/* Begin PBXNativeTarget section */
		C145B26B29304D6500966FF4 /* SDKSimple-Swift-Zip */ = {
			isa = PBXNativeTarget;
			buildConfigurationList = C145B28029304D6600966FF4 /* Build configuration list for PBXNativeTarget "SDKSimple-Swift-Zip" */;
			buildPhases = (
				C145B26829304D6500966FF4 /* Sources */,
				C145B26929304D6500966FF4 /* Frameworks */,
				C145B26A29304D6500966FF4 /* Resources */,
				C1895AAF2990D9FC00D88F1E /* Embed Frameworks */,
			);
			buildRules = (
			);
			dependencies = (
			);
			name = "SDKSimple-Swift-Zip";
			productName = "SDKSimple-Swift-Zip";
			productReference = C145B26C29304D6500966FF4 /* SDKSimple-Swift-Zip.app */;
			productType = "com.apple.product-type.application";
		};
/* End PBXNativeTarget section */

/* Begin PBXProject section */
		C145B26429304D6500966FF4 /* Project object */ = {
			isa = PBXProject;
			attributes = {
				BuildIndependentTargetsInParallel = 1;
				LastSwiftUpdateCheck = 1410;
				LastUpgradeCheck = 1410;
				TargetAttributes = {
					C145B26B29304D6500966FF4 = {
						CreatedOnToolsVersion = 14.1;
					};
				};
			};
			buildConfigurationList = C145B26729304D6500966FF4 /* Build configuration list for PBXProject "SDKSimple-Swift-Zip" */;
			compatibilityVersion = "Xcode 14.0";
			developmentRegion = en;
			hasScannedForEncodings = 0;
			knownRegions = (
				en,
				Base,
			);
			mainGroup = C145B26329304D6500966FF4;
			productRefGroup = C145B26D29304D6500966FF4 /* Products */;
			projectDirPath = "";
			projectRoot = "";
			targets = (
				C145B26B29304D6500966FF4 /* SDKSimple-Swift-Zip */,
			);
		};
/* End PBXProject section */

/* Begin PBXResourcesBuildPhase section */
		C145B26A29304D6500966FF4 /* Resources */ = {
			isa = PBXResourcesBuildPhase;
			buildActionMask = 2147483647;
			files = (
				C145B28529304DC600966FF4 /* zipNcgLorem.zip.ncg in Resources */,
				C145B27C29304D6600966FF4 /* LaunchScreen.storyboard in Resources */,
				C145B27929304D6600966FF4 /* Assets.xcassets in Resources */,
				C145B27729304D6500966FF4 /* Main.storyboard in Resources */,
			);
			runOnlyForDeploymentPostprocessing = 0;
		};
/* End PBXResourcesBuildPhase section */

/* Begin PBXSourcesBuildPhase section */
		C145B26829304D6500966FF4 /* Sources */ = {
			isa = PBXSourcesBuildPhase;
			buildActionMask = 2147483647;
			files = (
				C145B27429304D6500966FF4 /* ViewController.swift in Sources */,
				C145B27029304D6500966FF4 /* AppDelegate.swift in Sources */,
				C145B27229304D6500966FF4 /* SceneDelegate.swift in Sources */,
			);
			runOnlyForDeploymentPostprocessing = 0;
		};
/* End PBXSourcesBuildPhase section */

/* Begin PBXVariantGroup section */
		C145B27529304D6500966FF4 /* Main.storyboard */ = {
			isa = PBXVariantGroup;
			children = (
				C145B27629304D6500966FF4 /* Base */,
			);
			name = Main.storyboard;
			sourceTree = "<group>";
		};
		C145B27A29304D6600966FF4 /* LaunchScreen.storyboard */ = {
			isa = PBXVariantGroup;
			children = (
				C145B27B29304D6600966FF4 /* Base */,
			);
			name = LaunchScreen.storyboard;
			sourceTree = "<group>";
		};
/* End PBXVariantGroup section */

/* Begin XCBuildConfiguration section */
		C145B27E29304D6600966FF4 /* Debug */ = {
			isa = XCBuildConfiguration;
			buildSettings = {
				ALWAYS_SEARCH_USER_PATHS = NO;
				CLANG_ANALYZER_NONNULL = YES;
				CLANG_ANALYZER_NUMBER_OBJECT_CONVERSION = YES_AGGRESSIVE;
				CLANG_CXX_LANGUAGE_STANDARD = "gnu++20";
				CLANG_ENABLE_MODULES = YES;
				CLANG_ENABLE_OBJC_ARC = YES;
				CLANG_ENABLE_OBJC_WEAK = YES;
				CLANG_WARN_BLOCK_CAPTURE_AUTORELEASING = YES;
				CLANG_WARN_BOOL_CONVERSION = YES;
				CLANG_WARN_COMMA = YES;
				CLANG_WARN_CONSTANT_CONVERSION = YES;
				CLANG_WARN_DEPRECATED_OBJC_IMPLEMENTATIONS = YES;
				CLANG_WARN_DIRECT_OBJC_ISA_USAGE = YES_ERROR;
				CLANG_WARN_DOCUMENTATION_COMMENTS = YES;
				CLANG_WARN_EMPTY_BODY = YES;
				CLANG_WARN_ENUM_CONVERSION = YES;
				CLANG_WARN_INFINITE_RECURSION = YES;
				CLANG_WARN_INT_CONVERSION = YES;
				CLANG_WARN_NON_LITERAL_NULL_CONVERSION = YES;
				CLANG_WARN_OBJC_IMPLICIT_RETAIN_SELF = YES;
				CLANG_WARN_OBJC_LITERAL_CONVERSION = YES;
				CLANG_WARN_OBJC_ROOT_CLASS = YES_ERROR;
				CLANG_WARN_QUOTED_INCLUDE_IN_FRAMEWORK_HEADER = YES;
				CLANG_WARN_RANGE_LOOP_ANALYSIS = YES;
				CLANG_WARN_STRICT_PROTOTYPES = YES;
				CLANG_WARN_SUSPICIOUS_MOVE = YES;
				CLANG_WARN_UNGUARDED_AVAILABILITY = YES_AGGRESSIVE;
				CLANG_WARN_UNREACHABLE_CODE = YES;
				CLANG_WARN__DUPLICATE_METHOD_MATCH = YES;
				COPY_PHASE_STRIP = NO;
				DEBUG_INFORMATION_FORMAT = dwarf;
				ENABLE_STRICT_OBJC_MSGSEND = YES;
				ENABLE_TESTABILITY = YES;
				GCC_C_LANGUAGE_STANDARD = gnu11;
				GCC_DYNAMIC_NO_PIC = NO;
				GCC_NO_COMMON_BLOCKS = YES;
				GCC_OPTIMIZATION_LEVEL = 0;
				GCC_PREPROCESSOR_DEFINITIONS = (
					"DEBUG=1",
					"$(inherited)",
				);
				GCC_WARN_64_TO_32_BIT_CONVERSION = YES;
				GCC_WARN_ABOUT_RETURN_TYPE = YES_ERROR;
				GCC_WARN_UNDECLARED_SELECTOR = YES;
				GCC_WARN_UNINITIALIZED_AUTOS = YES_AGGRESSIVE;
				GCC_WARN_UNUSED_FUNCTION = YES;
				GCC_WARN_UNUSED_VARIABLE = YES;
				IPHONEOS_DEPLOYMENT_TARGET = 16.1;
				MTL_ENABLE_DEBUG_INFO = INCLUDE_SOURCE;
				MTL_FAST_MATH = YES;
				ONLY_ACTIVE_ARCH = YES;
				SDKROOT = iphoneos;
				SWIFT_ACTIVE_COMPILATION_CONDITIONS = DEBUG;
				SWIFT_OPTIMIZATION_LEVEL = "-Onone";
			};
			name = Debug;
		};
		C145B27F29304D6600966FF4 /* Release */ = {
			isa = XCBuildConfiguration;
			buildSettings = {
				ALWAYS_SEARCH_USER_PATHS = NO;
				CLANG_ANALYZER_NONNULL = YES;
				CLANG_ANALYZER_NUMBER_OBJECT_CONVERSION = YES_AGGRESSIVE;
				CLANG_CXX_LANGUAGE_STANDARD = "gnu++20";
				CLANG_ENABLE_MODULES = YES;
				CLANG_ENABLE_OBJC_ARC = YES;
				CLANG_ENABLE_OBJC_WEAK = YES;
				CLANG_WARN_BLOCK_CAPTURE_AUTORELEASING = YES;
				CLANG_WARN_BOOL_CONVERSION = YES;
				CLANG_WARN_COMMA = YES;
				CLANG_WARN_CONSTANT_CONVERSION = YES;
				CLANG_WARN_DEPRECATED_OBJC_IMPLEMENTATIONS = YES;
				CLANG_WARN_DIRECT_OBJC_ISA_USAGE = YES_ERROR;
				CLANG_WARN_DOCUMENTATION_COMMENTS = YES;
				CLANG_WARN_EMPTY_BODY = YES;
				CLANG_WARN_ENUM_CONVERSION = YES;
				CLANG_WARN_INFINITE_RECURSION = YES;
				CLANG_WARN_INT_CONVERSION = YES;
				CLANG_WARN_NON_LITERAL_NULL_CONVERSION = YES;
				CLANG_WARN_OBJC_IMPLICIT_RETAIN_SELF = YES;
				CLANG_WARN_OBJC_LITERAL_CONVERSION = YES;
				CLANG_WARN_OBJC_ROOT_CLASS = YES_ERROR;
				CLANG_WARN_QUOTED_INCLUDE_IN_FRAMEWORK_HEADER = YES;
				CLANG_WARN_RANGE_LOOP_ANALYSIS = YES;
				CLANG_WARN_STRICT_PROTOTYPES = YES;
				CLANG_WARN_SUSPICIOUS_MOVE = YES;
				CLANG_WARN_UNGUARDED_AVAILABILITY = YES_AGGRESSIVE;
				CLANG_WARN_UNREACHABLE_CODE = YES;
				CLANG_WARN__DUPLICATE_METHOD_MATCH = YES;
				COPY_PHASE_STRIP = NO;
				DEBUG_INFORMATION_FORMAT = "dwarf-with-dsym";
				ENABLE_NS_ASSERTIONS = NO;
				ENABLE_STRICT_OBJC_MSGSEND = YES;
				GCC_C_LANGUAGE_STANDARD = gnu11;
				GCC_NO_COMMON_BLOCKS = YES;
				GCC_WARN_64_TO_32_BIT_CONVERSION = YES;
				GCC_WARN_ABOUT_RETURN_TYPE = YES_ERROR;
				GCC_WARN_UNDECLARED_SELECTOR = YES;
				GCC_WARN_UNINITIALIZED_AUTOS = YES_AGGRESSIVE;
				GCC_WARN_UNUSED_FUNCTION = YES;
				GCC_WARN_UNUSED_VARIABLE = YES;
				IPHONEOS_DEPLOYMENT_TARGET = 16.1;
				MTL_ENABLE_DEBUG_INFO = NO;
				MTL_FAST_MATH = YES;
				SDKROOT = iphoneos;
				SWIFT_COMPILATION_MODE = wholemodule;
				SWIFT_OPTIMIZATION_LEVEL = "-O";
				VALIDATE_PRODUCT = YES;
			};
			name = Release;
		};
		C145B28129304D6600966FF4 /* Debug */ = {
			isa = XCBuildConfiguration;
			buildSettings = {
				ASSETCATALOG_COMPILER_APPICON_NAME = AppIcon;
				ASSETCATALOG_COMPILER_GLOBAL_ACCENT_COLOR_NAME = AccentColor;
				CODE_SIGN_STYLE = Automatic;
				CURRENT_PROJECT_VERSION = 1;
				DEVELOPMENT_TEAM = 22X77ENQ2H;
				"EXCLUDED_ARCHS[sdk=iphonesimulator*]" = arm64;
				FRAMEWORK_SEARCH_PATHS = ../../lib;
				GENERATE_INFOPLIST_FILE = YES;
				INFOPLIST_FILE = "SDKSimple-Swift-Zip/Info.plist";
				INFOPLIST_KEY_UIApplicationSupportsIndirectInputEvents = YES;
				INFOPLIST_KEY_UILaunchStoryboardName = LaunchScreen;
				INFOPLIST_KEY_UIMainStoryboardFile = Main;
				INFOPLIST_KEY_UISupportedInterfaceOrientations_iPad = "UIInterfaceOrientationPortrait UIInterfaceOrientationPortraitUpsideDown UIInterfaceOrientationLandscapeLeft UIInterfaceOrientationLandscapeRight";
				INFOPLIST_KEY_UISupportedInterfaceOrientations_iPhone = "UIInterfaceOrientationPortrait UIInterfaceOrientationLandscapeLeft UIInterfaceOrientationLandscapeRight";
				IPHONEOS_DEPLOYMENT_TARGET = 11.0;
				LD_RUNPATH_SEARCH_PATHS = (
					"$(inherited)",
					"@executable_path/Frameworks",
				);
				MARKETING_VERSION = 1.0;
				PRODUCT_BUNDLE_IDENTIFIER = "com.inka.SDKSimple-Swift-Zip";
				PRODUCT_NAME = "$(TARGET_NAME)";
				SWIFT_EMIT_LOC_STRINGS = YES;
				SWIFT_VERSION = 5.0;
				TARGETED_DEVICE_FAMILY = "1,2";
			};
			name = Debug;
		};
		C145B28229304D6600966FF4 /* Release */ = {
			isa = XCBuildConfiguration;
			buildSettings = {
				ASSETCATALOG_COMPILER_APPICON_NAME = AppIcon;
				ASSETCATALOG_COMPILER_GLOBAL_ACCENT_COLOR_NAME = AccentColor;
				CODE_SIGN_STYLE = Automatic;
				CURRENT_PROJECT_VERSION = 1;
				DEVELOPMENT_TEAM = 22X77ENQ2H;
				"EXCLUDED_ARCHS[sdk=iphonesimulator*]" = arm64;
				FRAMEWORK_SEARCH_PATHS = ../../lib;
				GENERATE_INFOPLIST_FILE = YES;
				INFOPLIST_FILE = "SDKSimple-Swift-Zip/Info.plist";
				INFOPLIST_KEY_UIApplicationSupportsIndirectInputEvents = YES;
				INFOPLIST_KEY_UILaunchStoryboardName = LaunchScreen;
				INFOPLIST_KEY_UIMainStoryboardFile = Main;
				INFOPLIST_KEY_UISupportedInterfaceOrientations_iPad = "UIInterfaceOrientationPortrait UIInterfaceOrientationPortraitUpsideDown UIInterfaceOrientationLandscapeLeft UIInterfaceOrientationLandscapeRight";
				INFOPLIST_KEY_UISupportedInterfaceOrientations_iPhone = "UIInterfaceOrientationPortrait UIInterfaceOrientationLandscapeLeft UIInterfaceOrientationLandscapeRight";
				IPHONEOS_DEPLOYMENT_TARGET = 11.0;
				LD_RUNPATH_SEARCH_PATHS = (
					"$(inherited)",
					"@executable_path/Frameworks",
				);
				MARKETING_VERSION = 1.0;
				PRODUCT_BUNDLE_IDENTIFIER = "com.inka.SDKSimple-Swift-Zip";
				PRODUCT_NAME = "$(TARGET_NAME)";
				SWIFT_EMIT_LOC_STRINGS = YES;
				SWIFT_VERSION = 5.0;
				TARGETED_DEVICE_FAMILY = "1,2";
			};
			name = Release;
		};
/* End XCBuildConfiguration section */

/* Begin XCConfigurationList section */
		C145B26729304D6500966FF4 /* Build configuration list for PBXProject "SDKSimple-Swift-Zip" */ = {
			isa = XCConfigurationList;
			buildConfigurations = (
				C145B27E29304D6600966FF4 /* Debug */,
				C145B27F29304D6600966FF4 /* Release */,
			);
			defaultConfigurationIsVisible = 0;
			defaultConfigurationName = Release;
		};
		C145B28029304D6600966FF4 /* Build configuration list for PBXNativeTarget "SDKSimple-Swift-Zip" */ = {
			isa = XCConfigurationList;
			buildConfigurations = (
				C145B28129304D6600966FF4 /* Debug */,
				C145B28229304D6600966FF4 /* Release */,
			);
			defaultConfigurationIsVisible = 0;
			defaultConfigurationName = Release;
		};
/* End XCConfigurationList section */
	};
	rootObject = C145B26429304D6500966FF4 /* Project object */;
}
